
Microsoft Visual Studio Solution File, Format Version 12.00
# Visual Studio 14
VisualStudioVersion = 14.0.23107.0
MinimumVisualStudioVersion = 10.0.40219.1
Project("{FAE04EC0-301F-11D3-BF4B-00C04F79EFBC}") = "ESPSharp GUI", "ESPSharp GUI\ESPSharp GUI.csproj", "{DF986D4F-0F5C-4275-B4CA-7F395D0088E4}"
EndProject
Project("{FAE04EC0-301F-11D3-BF4B-00C04F79EFBC}") = "ESPSharp", "..\ESPSharp\ESPSharp\ESPSharp.csproj", "{EEC78DA7-DC30-49F2-936C-CDD6C4BEF45B}"
EndProject
Project("{FAE04EC0-301F-11D3-BF4B-00C04F79EFBC}") = "ObjectListView2012", "ObjectListView\ObjectListView\ObjectListView2012.csproj", "{18FEDA0C-D147-4286-B39A-01204808106A}"
EndProject
Project("{FAE04EC0-301F-11D3-BF4B-00C04F79EFBC}") = "ScriptEditor", "ScriptEditor\ScriptEditor.csproj", "{650CB7CF-F5A1-48E8-AD85-DE5B1713D9B4}"
EndProject
Global
	GlobalSection(SolutionConfigurationPlatforms) = preSolution
		Debug|Any CPU = Debug|Any CPU
		Debug|x86 = Debug|x86
		ESPSharpGUI|Any CPU = ESPSharpGUI|Any CPU
		ESPSharpGUI|x86 = ESPSharpGUI|x86
		Release|Any CPU = Release|Any CPU
		Release|x86 = Release|x86
	EndGlobalSection
	GlobalSection(ProjectConfigurationPlatforms) = postSolution
		{DF986D4F-0F5C-4275-B4CA-7F395D0088E4}.Debug|Any CPU.ActiveCfg = Debug|Any CPU
		{DF986D4F-0F5C-4275-B4CA-7F395D0088E4}.Debug|Any CPU.Build.0 = Debug|Any CPU
		{DF986D4F-0F5C-4275-B4CA-7F395D0088E4}.Debug|x86.ActiveCfg = Debug|x86
		{DF986D4F-0F5C-4275-B4CA-7F395D0088E4}.Debug|x86.Build.0 = Debug|x86
		{DF986D4F-0F5C-4275-B4CA-7F395D0088E4}.ESPSharpGUI|Any CPU.ActiveCfg = ESPSharpGUI|Any CPU
		{DF986D4F-0F5C-4275-B4CA-7F395D0088E4}.ESPSharpGUI|Any CPU.Build.0 = ESPSharpGUI|Any CPU
		{DF986D4F-0F5C-4275-B4CA-7F395D0088E4}.ESPSharpGUI|x86.ActiveCfg = ESPSharpGUI|x86
		{DF986D4F-0F5C-4275-B4CA-7F395D0088E4}.ESPSharpGUI|x86.Build.0 = ESPSharpGUI|x86
		{DF986D4F-0F5C-4275-B4CA-7F395D0088E4}.Release|Any CPU.ActiveCfg = Release|Any CPU
		{DF986D4F-0F5C-4275-B4CA-7F395D0088E4}.Release|Any CPU.Build.0 = Release|Any CPU
		{DF986D4F-0F5C-4275-B4CA-7F395D0088E4}.Release|x86.ActiveCfg = Release|x86
		{DF986D4F-0F5C-4275-B4CA-7F395D0088E4}.Release|x86.Build.0 = Release|x86
		{EEC78DA7-DC30-49F2-936C-CDD6C4BEF45B}.Debug|Any CPU.ActiveCfg = Debug|Any CPU
		{EEC78DA7-DC30-49F2-936C-CDD6C4BEF45B}.Debug|Any CPU.Build.0 = Debug|Any CPU
		{EEC78DA7-DC30-49F2-936C-CDD6C4BEF45B}.Debug|x86.ActiveCfg = Debug|Any CPU
		{EEC78DA7-DC30-49F2-936C-CDD6C4BEF45B}.Debug|x86.Build.0 = Debug|Any CPU
		{EEC78DA7-DC30-49F2-936C-CDD6C4BEF45B}.ESPSharpGUI|Any CPU.ActiveCfg = Release|Any CPU
		{EEC78DA7-DC30-49F2-936C-CDD6C4BEF45B}.ESPSharpGUI|Any CPU.Build.0 = Release|Any CPU
		{EEC78DA7-DC30-49F2-936C-CDD6C4BEF45B}.ESPSharpGUI|x86.ActiveCfg = Release|Any CPU
		{EEC78DA7-DC30-49F2-936C-CDD6C4BEF45B}.ESPSharpGUI|x86.Build.0 = Release|Any CPU
		{EEC78DA7-DC30-49F2-936C-CDD6C4BEF45B}.Release|Any CPU.ActiveCfg = Release|Any CPU
		{EEC78DA7-DC30-49F2-936C-CDD6C4BEF45B}.Release|Any CPU.Build.0 = Release|Any CPU
		{EEC78DA7-DC30-49F2-936C-CDD6C4BEF45B}.Release|x86.ActiveCfg = Release|Any CPU
		{EEC78DA7-DC30-49F2-936C-CDD6C4BEF45B}.Release|x86.Build.0 = Release|Any CPU
		{18FEDA0C-D147-4286-B39A-01204808106A}.Debug|Any CPU.ActiveCfg = Debug|Any CPU
		{18FEDA0C-D147-4286-B39A-01204808106A}.Debug|Any CPU.Build.0 = Debug|Any CPU
		{18FEDA0C-D147-4286-B39A-01204808106A}.Debug|x86.ActiveCfg = Debug|Any CPU
		{18FEDA0C-D147-4286-B39A-01204808106A}.Debug|x86.Build.0 = Debug|Any CPU
		{18FEDA0C-D147-4286-B39A-01204808106A}.ESPSharpGUI|Any CPU.ActiveCfg = Release|Any CPU
		{18FEDA0C-D147-4286-B39A-01204808106A}.ESPSharpGUI|Any CPU.Build.0 = Release|Any CPU
		{18FEDA0C-D147-4286-B39A-01204808106A}.ESPSharpGUI|x86.ActiveCfg = Release|Any CPU
		{18FEDA0C-D147-4286-B39A-01204808106A}.ESPSharpGUI|x86.Build.0 = Release|Any CPU
		{18FEDA0C-D147-4286-B39A-01204808106A}.Release|Any CPU.ActiveCfg = Release|Any CPU
		{18FEDA0C-D147-4286-B39A-01204808106A}.Release|Any CPU.Build.0 = Release|Any CPU
		{18FEDA0C-D147-4286-B39A-01204808106A}.Release|x86.ActiveCfg = Release|Any CPU
		{18FEDA0C-D147-4286-B39A-01204808106A}.Release|x86.Build.0 = Release|Any CPU
		{650CB7CF-F5A1-48E8-AD85-DE5B1713D9B4}.Debug|Any CPU.ActiveCfg = Debug|Any CPU
		{650CB7CF-F5A1-48E8-AD85-DE5B1713D9B4}.Debug|Any CPU.Build.0 = Debug|Any CPU
		{650CB7CF-F5A1-48E8-AD85-DE5B1713D9B4}.Debug|x86.ActiveCfg = Debug|Any CPU
		{650CB7CF-F5A1-48E8-AD85-DE5B1713D9B4}.Debug|x86.Build.0 = Debug|Any CPU
		{650CB7CF-F5A1-48E8-AD85-DE5B1713D9B4}.ESPSharpGUI|Any CPU.ActiveCfg = Release|Any CPU
		{650CB7CF-F5A1-48E8-AD85-DE5B1713D9B4}.ESPSharpGUI|Any CPU.Build.0 = Release|Any CPU
		{650CB7CF-F5A1-48E8-AD85-DE5B1713D9B4}.ESPSharpGUI|x86.ActiveCfg = Release|Any CPU
		{650CB7CF-F5A1-48E8-AD85-DE5B1713D9B4}.ESPSharpGUI|x86.Build.0 = Release|Any CPU
		{650CB7CF-F5A1-48E8-AD85-DE5B1713D9B4}.Release|Any CPU.ActiveCfg = Release|Any CPU
		{650CB7CF-F5A1-48E8-AD85-DE5B1713D9B4}.Release|Any CPU.Build.0 = Release|Any CPU
		{650CB7CF-F5A1-48E8-AD85-DE5B1713D9B4}.Release|x86.ActiveCfg = Release|Any CPU
		{650CB7CF-F5A1-48E8-AD85-DE5B1713D9B4}.Release|x86.Build.0 = Release|Any CPU
	EndGlobalSection
	GlobalSection(SolutionProperties) = preSolution
		HideSolutionNode = FALSE
	EndGlobalSection
EndGlobal
